PODS:
  - connectivity_plus (0.0.1):
    - Flutter
  - device_calendar (0.0.1):
    - Flutter
  - Flutter (1.0.0)
  - flutter_core_spotlight (0.0.1):
    - Flutter
  - flutter_local_notifications (0.0.1):
    - Flutter
  - flutter_secure_storage_darwin (10.0.0):
    - Flutter
    - FlutterMacOS
  - home_widget (0.0.1):
    - Flutter
  - local_auth_darwin (0.0.1):
    - Flutter
    - FlutterMacOS
  - package_info_plus (0.4.5):
    - Flutter
  - quick_actions_ios (0.0.1):
    - Flutter
  - share_plus (0.0.1):
    - Flutter
  - shared_preferences_foundation (0.0.1):
    - Flutter
    - FlutterMacOS
  - workmanager_apple (0.0.1):
    - Flutter

DEPENDENCIES:
  - connectivity_plus (from `.symlinks/plugins/connectivity_plus/ios`)
  - device_calendar (from `.symlinks/plugins/device_calendar/ios`)
  - Flutter (from `Flutter`)
  - flutter_core_spotlight (from `.symlinks/plugins/flutter_core_spotlight/ios`)
  - flutter_local_notifications (from `.symlinks/plugins/flutter_local_notifications/ios`)
  - flutter_secure_storage_darwin (from `.symlinks/plugins/flutter_secure_storage_darwin/darwin`)
  - home_widget (from `.symlinks/plugins/home_widget/ios`)
  - local_auth_darwin (from `.symlinks/plugins/local_auth_darwin/darwin`)
  - package_info_plus (from `.symlinks/plugins/package_info_plus/ios`)
  - quick_actions_ios (from `.symlinks/plugins/quick_actions_ios/ios`)
  - share_plus (from `.symlinks/plugins/share_plus/ios`)
  - shared_preferences_foundation (from `.symlinks/plugins/shared_preferences_foundation/darwin`)
  - workmanager_apple (from `.symlinks/plugins/workmanager_apple/ios`)

EXTERNAL SOURCES:
  connectivity_plus:
    :path: ".symlinks/plugins/connectivity_plus/ios"
  device_calendar:
    :path: ".symlinks/plugins/device_calendar/ios"
  Flutter:
    :path: Flutter
  flutter_core_spotlight:
    :path: ".symlinks/plugins/flutter_core_spotlight/ios"
  flutter_local_notifications:
    :path: ".symlinks/plugins/flutter_local_notifications/ios"
  flutter_secure_storage_darwin:
    :path: ".symlinks/plugins/flutter_secure_storage_darwin/darwin"
  home_widget:
    :path: ".symlinks/plugins/home_widget/ios"
  local_auth_darwin:
    :path: ".symlinks/plugins/local_auth_darwin/darwin"
  package_info_plus:
    :path: ".symlinks/plugins/package_info_plus/ios"
  quick_actions_ios:
    :path: ".symlinks/plugins/quick_actions_ios/ios"
  share_plus:
    :path: ".symlinks/plugins/share_plus/ios"
  shared_preferences_foundation:
    :path: ".symlinks/plugins/shared_preferences_foundation/darwin"
  workmanager_apple:
    :path: ".symlinks/plugins/workmanager_apple/ios"

SPEC CHECKSUMS:
  connectivity_plus: cb623214f4e1f6ef8fe7403d580fdad517d2f7dd
  device_calendar: b55b2c5406cfba45c95a59f9059156daee1f74ed
  Flutter: cabc95a1d2626b1b06e7179b784ebcf0c0cde467
  flutter_core_spotlight: ffa0331f617dbb2962517052a814b8682383e227
  flutter_local_notifications: 395056b3175ba4f08480a7c5de30cd36d69827e4
  flutter_secure_storage_darwin: acdb3f316ed05a3e68f856e0353b133eec373a23
  home_widget: f169fc41fd807b4d46ab6615dc44d62adbf9f64f
  local_auth_darwin: c3ee6cce0a8d56be34c8ccb66ba31f7f180aaebb
  package_info_plus: af8e2ca6888548050f16fa2f1938db7b5a5df499
  quick_actions_ios: 500fcc11711d9f646739093395c4ae8eec25f779
  share_plus: 50da8cb520a8f0f65671c6c6a99b3617ed10a58a
  shared_preferences_foundation: 7036424c3d8ec98dfe75ff1667cb0cd531ec82bb
  workmanager_apple: 904529ae31e97fc5be632cf628507652294a0778

PODFILE CHECKSUM: e30f02f9d1c72c47bb6344a0a748c9d268180865

COCOAPODS: 1.16.2
